
Microsoft Visual Studio Solution File, Format Version 12.00
# Visual Studio Version 17
VisualStudioVersion = 17.2.32505.173
MinimumVisualStudioVersion = 10.0.40219.1
Project("{FAE04EC0-301F-11D3-BF4B-00C04F79EFBC}") = "NLayer.Core", "NLayer.Core\NLayer.Core.csproj", "{A188298A-D6C7-4C3B-A992-E748CAE28B12}"
EndProject
Project("{FAE04EC0-301F-11D3-BF4B-00C04F79EFBC}") = "NLayer.Repository", "NLayer.Repository\NLayer.Repository.csproj", "{D76E349B-7325-497D-B3D5-4E4E5738B56F}"
EndProject
Project("{FAE04EC0-301F-11D3-BF4B-00C04F79EFBC}") = "NLayer.Service", "NLayer.Service\NLayer.Service.csproj", "{E2F2BC37-611F-4B85-8865-0FBDCF8CE2F0}"
EndProject
Project("{FAE04EC0-301F-11D3-BF4B-00C04F79EFBC}") = "NLayer.API", "NLayer.API\NLayer.API.csproj", "{F9FF9757-DF84-4327-A65B-B7A9147A4268}"
EndProject
Project("{FAE04EC0-301F-11D3-BF4B-00C04F79EFBC}") = "NLayer.Web", "NLayer.Web\NLayer.Web.csproj", "{85F0C712-9D58-4D09-AD91-B434D00A3DF5}"
EndProject
Project("{FAE04EC0-301F-11D3-BF4B-00C04F79EFBC}") = "NLayer.Caching", "NLayer.Caching\NLayer.Caching.csproj", "{852CEEC8-F2FF-4BCB-A6C5-95A6F74D83CB}"
EndProject
Global
	GlobalSection(SolutionConfigurationPlatforms) = preSolution
		Debug|Any CPU = Debug|Any CPU
		Release|Any CPU = Release|Any CPU
	EndGlobalSection
	GlobalSection(ProjectConfigurationPlatforms) = postSolution
		{A188298A-D6C7-4C3B-A992-E748CAE28B12}.Debug|Any CPU.ActiveCfg = Debug|Any CPU
		{A188298A-D6C7-4C3B-A992-E748CAE28B12}.Debug|Any CPU.Build.0 = Debug|Any CPU
		{A188298A-D6C7-4C3B-A992-E748CAE28B12}.Release|Any CPU.ActiveCfg = Release|Any CPU
		{A188298A-D6C7-4C3B-A992-E748CAE28B12}.Release|Any CPU.Build.0 = Release|Any CPU
		{D76E349B-7325-497D-B3D5-4E4E5738B56F}.Debug|Any CPU.ActiveCfg = Debug|Any CPU
		{D76E349B-7325-497D-B3D5-4E4E5738B56F}.Debug|Any CPU.Build.0 = Debug|Any CPU
		{D76E349B-7325-497D-B3D5-4E4E5738B56F}.Release|Any CPU.ActiveCfg = Release|Any CPU
		{D76E349B-7325-497D-B3D5-4E4E5738B56F}.Release|Any CPU.Build.0 = Release|Any CPU
		{E2F2BC37-611F-4B85-8865-0FBDCF8CE2F0}.Debug|Any CPU.ActiveCfg = Debug|Any CPU
		{E2F2BC37-611F-4B85-8865-0FBDCF8CE2F0}.Debug|Any CPU.Build.0 = Debug|Any CPU
		{E2F2BC37-611F-4B85-8865-0FBDCF8CE2F0}.Release|Any CPU.ActiveCfg = Release|Any CPU
		{E2F2BC37-611F-4B85-8865-0FBDCF8CE2F0}.Release|Any CPU.Build.0 = Release|Any CPU
		{F9FF9757-DF84-4327-A65B-B7A9147A4268}.Debug|Any CPU.ActiveCfg = Debug|Any CPU
		{F9FF9757-DF84-4327-A65B-B7A9147A4268}.Debug|Any CPU.Build.0 = Debug|Any CPU
		{F9FF9757-DF84-4327-A65B-B7A9147A4268}.Release|Any CPU.ActiveCfg = Release|Any CPU
		{F9FF9757-DF84-4327-A65B-B7A9147A4268}.Release|Any CPU.Build.0 = Release|Any CPU
		{85F0C712-9D58-4D09-AD91-B434D00A3DF5}.Debug|Any CPU.ActiveCfg = Debug|Any CPU
		{85F0C712-9D58-4D09-AD91-B434D00A3DF5}.Debug|Any CPU.Build.0 = Debug|Any CPU
		{85F0C712-9D58-4D09-AD91-B434D00A3DF5}.Release|Any CPU.ActiveCfg = Release|Any CPU
		{85F0C712-9D58-4D09-AD91-B434D00A3DF5}.Release|Any CPU.Build.0 = Release|Any CPU
		{852CEEC8-F2FF-4BCB-A6C5-95A6F74D83CB}.Debug|Any CPU.ActiveCfg = Debug|Any CPU
		{852CEEC8-F2FF-4BCB-A6C5-95A6F74D83CB}.Debug|Any CPU.Build.0 = Debug|Any CPU
		{852CEEC8-F2FF-4BCB-A6C5-95A6F74D83CB}.Release|Any CPU.ActiveCfg = Release|Any CPU
		{852CEEC8-F2FF-4BCB-A6C5-95A6F74D83CB}.Release|Any CPU.Build.0 = Release|Any CPU
	EndGlobalSection
	GlobalSection(SolutionProperties) = preSolution
		HideSolutionNode = FALSE
	EndGlobalSection
	GlobalSection(ExtensibilityGlobals) = postSolution
		SolutionGuid = {687C048F-5CEF-46DD-9B19-CCC2635E5FC2}
	EndGlobalSection
EndGlobal
