
Microsoft Visual Studio Solution File, Format Version 12.00
# Visual Studio Version 17
VisualStudioVersion = 17.2.32505.173
MinimumVisualStudioVersion = 10.0.40219.1
Project("{9A19103F-16F7-4668-BE54-9A1E7A4F7556}") = "NLayer.Core", "NLayer.Core\NLayer.Core.csproj", "{A188298A-D6C7-4C3B-A992-E748CAE28B12}"
EndProject
Project("{9A19103F-16F7-4668-BE54-9A1E7A4F7556}") = "NLayer.Repository", "NLayer.Repository\NLayer.Repository.csproj", "{D76E349B-7325-497D-B3D5-4E4E5738B56F}"
EndProject
Project("{9A19103F-16F7-4668-BE54-9A1E7A4F7556}") = "NLayer.Service", "NLayer.Service\NLayer.Service.csproj", "{E2F2BC37-611F-4B85-8865-0FBDCF8CE2F0}"
EndProject
Project("{9A19103F-16F7-4668-BE54-9A1E7A4F7556}") = "NLayer.API", "NLayer.API\NLayer.API.csproj", "{F9FF9757-DF84-4327-A65B-B7A9147A4268}"
EndProject
Project("{9A19103F-16F7-4668-BE54-9A1E7A4F7556}") = "NLayer.Caching", "NLayer.Caching\NLayer.Caching.csproj", "{852CEEC8-F2FF-4BCB-A6C5-95A6F74D83CB}"
EndProject
Project("{9A19103F-16F7-4668-BE54-9A1E7A4F7556}") = "NLayer.Web", "NLayer.Web\NLayer.Web.csproj", "{BA523DB6-4B9A-4CD2-9A1E-225BE8C31A8C}"
EndProject
Project("{2150E333-8FDC-42A3-9474-1A3956D46DE8}") = "Solution Items", "Solution Items", "{0425224C-09CD-4942-A84B-64E7FDE79A7B}"
	ProjectSection(SolutionItems) = preProject
		Ports.txt = Ports.txt
	EndProjectSection
EndProject
Global
	GlobalSection(SolutionConfigurationPlatforms) = preSolution
		Debug|Any CPU = Debug|Any CPU
		Release|Any CPU = Release|Any CPU
	EndGlobalSection
	GlobalSection(ProjectConfigurationPlatforms) = postSolution
		{A188298A-D6C7-4C3B-A992-E748CAE28B12}.Debug|Any CPU.ActiveCfg = Debug|Any CPU
		{A188298A-D6C7-4C3B-A992-E748CAE28B12}.Debug|Any CPU.Build.0 = Debug|Any CPU
		{A188298A-D6C7-4C3B-A992-E748CAE28B12}.Release|Any CPU.ActiveCfg = Release|Any CPU
		{A188298A-D6C7-4C3B-A992-E748CAE28B12}.Release|Any CPU.Build.0 = Release|Any CPU
		{D76E349B-7325-497D-B3D5-4E4E5738B56F}.Debug|Any CPU.ActiveCfg = Debug|Any CPU
		{D76E349B-7325-497D-B3D5-4E4E5738B56F}.Debug|Any CPU.Build.0 = Debug|Any CPU
		{D76E349B-7325-497D-B3D5-4E4E5738B56F}.Release|Any CPU.ActiveCfg = Release|Any CPU
		{D76E349B-7325-497D-B3D5-4E4E5738B56F}.Release|Any CPU.Build.0 = Release|Any CPU
		{E2F2BC37-611F-4B85-8865-0FBDCF8CE2F0}.Debug|Any CPU.ActiveCfg = Debug|Any CPU
		{E2F2BC37-611F-4B85-8865-0FBDCF8CE2F0}.Debug|Any CPU.Build.0 = Debug|Any CPU
		{E2F2BC37-611F-4B85-8865-0FBDCF8CE2F0}.Release|Any CPU.ActiveCfg = Release|Any CPU
		{E2F2BC37-611F-4B85-8865-0FBDCF8CE2F0}.Release|Any CPU.Build.0 = Release|Any CPU
		{F9FF9757-DF84-4327-A65B-B7A9147A4268}.Debug|Any CPU.ActiveCfg = Debug|Any CPU
		{F9FF9757-DF84-4327-A65B-B7A9147A4268}.Debug|Any CPU.Build.0 = Debug|Any CPU
		{F9FF9757-DF84-4327-A65B-B7A9147A4268}.Release|Any CPU.ActiveCfg = Release|Any CPU
		{F9FF9757-DF84-4327-A65B-B7A9147A4268}.Release|Any CPU.Build.0 = Release|Any CPU
		{852CEEC8-F2FF-4BCB-A6C5-95A6F74D83CB}.Debug|Any CPU.ActiveCfg = Debug|Any CPU
		{852CEEC8-F2FF-4BCB-A6C5-95A6F74D83CB}.Debug|Any CPU.Build.0 = Debug|Any CPU
		{852CEEC8-F2FF-4BCB-A6C5-95A6F74D83CB}.Release|Any CPU.ActiveCfg = Release|Any CPU
		{852CEEC8-F2FF-4BCB-A6C5-95A6F74D83CB}.Release|Any CPU.Build.0 = Release|Any CPU
		{BA523DB6-4B9A-4CD2-9A1E-225BE8C31A8C}.Debug|Any CPU.ActiveCfg = Debug|Any CPU
		{BA523DB6-4B9A-4CD2-9A1E-225BE8C31A8C}.Debug|Any CPU.Build.0 = Debug|Any CPU
		{BA523DB6-4B9A-4CD2-9A1E-225BE8C31A8C}.Release|Any CPU.ActiveCfg = Release|Any CPU
		{BA523DB6-4B9A-4CD2-9A1E-225BE8C31A8C}.Release|Any CPU.Build.0 = Release|Any CPU
	EndGlobalSection
	GlobalSection(SolutionProperties) = preSolution
		HideSolutionNode = FALSE
	EndGlobalSection
	GlobalSection(ExtensibilityGlobals) = postSolution
		SolutionGuid = {687C048F-5CEF-46DD-9B19-CCC2635E5FC2}
	EndGlobalSection
EndGlobal
